
Microsoft Visual Studio Solution File, Format Version 12.00
# Visual Studio Version 17
VisualStudioVersion = 17.0.31903.59
MinimumVisualStudioVersion = 10.0.40219.1
Project("{FAE04EC0-301F-11D3-BF4B-00C04F79EFBC}") = "art-api", "art-api\art-api.csproj", "{CFB31EB3-8AB3-4846-B4D5-622C51908342}"
EndProject
Project("{FAE04EC0-301F-11D3-BF4B-00C04F79EFBC}") = "art-api.Tests", "art-api.Tests\art-api.Tests.csproj", "{32413451-F07D-4B90-AEB2-AC49034486B8}"
EndProject
Global
	GlobalSection(SolutionConfigurationPlatforms) = preSolution
		Debug|Any CPU = Debug|Any CPU
		Release|Any CPU = Release|Any CPU
	EndGlobalSection
	GlobalSection(SolutionProperties) = preSolution
		HideSolutionNode = FALSE
	EndGlobalSection
	GlobalSection(ProjectConfigurationPlatforms) = postSolution
		{CFB31EB3-8AB3-4846-B4D5-622C51908342}.Debug|Any CPU.ActiveCfg = Debug|Any CPU
		{CFB31EB3-8AB3-4846-B4D5-622C51908342}.Debug|Any CPU.Build.0 = Debug|Any CPU
		{CFB31EB3-8AB3-4846-B4D5-622C51908342}.Release|Any CPU.ActiveCfg = Release|Any CPU
		{CFB31EB3-8AB3-4846-B4D5-622C51908342}.Release|Any CPU.Build.0 = Release|Any CPU
		{32413451-F07D-4B90-AEB2-AC49034486B8}.Debug|Any CPU.ActiveCfg = Debug|Any CPU
		{32413451-F07D-4B90-AEB2-AC49034486B8}.Debug|Any CPU.Build.0 = Debug|Any CPU
		{32413451-F07D-4B90-AEB2-AC49034486B8}.Release|Any CPU.ActiveCfg = Release|Any CPU
		{32413451-F07D-4B90-AEB2-AC49034486B8}.Release|Any CPU.Build.0 = Release|Any CPU
	EndGlobalSection
EndGlobal
